
Microsoft Visual Studio Solution File, Format Version 12.00
# Visual Studio Version 17
VisualStudioVersion = 17.5.33530.505
MinimumVisualStudioVersion = 10.0.40219.1
Project("{9A19103F-16F7-4668-BE54-9A1E7A4F7556}") = "NaverBandApiSharp", "NaverBandApiSharp\NaverBandApiSharp.csproj", "{A6CB73F5-E59A-4EC1-BDDA-A05109BB1ED9}"
EndProject
Project("{FAE04EC0-301F-11D3-BF4B-00C04F79EFBC}") = "NaverBandApiTest", "NaverBandApiTest\NaverBandApiTest.csproj", "{CE223B4B-B7B5-4A31-BF7E-1016EC456D06}"
EndProject
Global
	GlobalSection(SolutionConfigurationPlatforms) = preSolution
		Debug|Any CPU = Debug|Any CPU
		Release|Any CPU = Release|Any CPU
	EndGlobalSection
	GlobalSection(ProjectConfigurationPlatforms) = postSolution
		{A6CB73F5-E59A-4EC1-BDDA-A05109BB1ED9}.Debug|Any CPU.ActiveCfg = Debug|Any CPU
		{A6CB73F5-E59A-4EC1-BDDA-A05109BB1ED9}.Debug|Any CPU.Build.0 = Debug|Any CPU
		{A6CB73F5-E59A-4EC1-BDDA-A05109BB1ED9}.Release|Any CPU.ActiveCfg = Release|Any CPU
		{A6CB73F5-E59A-4EC1-BDDA-A05109BB1ED9}.Release|Any CPU.Build.0 = Release|Any CPU
		{CE223B4B-B7B5-4A31-BF7E-1016EC456D06}.Debug|Any CPU.ActiveCfg = Debug|Any CPU
		{CE223B4B-B7B5-4A31-BF7E-1016EC456D06}.Debug|Any CPU.Build.0 = Debug|Any CPU
		{CE223B4B-B7B5-4A31-BF7E-1016EC456D06}.Release|Any CPU.ActiveCfg = Release|Any CPU
		{CE223B4B-B7B5-4A31-BF7E-1016EC456D06}.Release|Any CPU.Build.0 = Release|Any CPU
	EndGlobalSection
	GlobalSection(SolutionProperties) = preSolution
		HideSolutionNode = FALSE
	EndGlobalSection
	GlobalSection(ExtensibilityGlobals) = postSolution
		SolutionGuid = {8FD56EA9-2837-4683-A559-B6C6CFFD860C}
	EndGlobalSection
EndGlobal
